
Microsoft Visual Studio Solution File, Format Version 12.00
# Visual Studio Version 17
VisualStudioVersion = 17.10.35013.160
MinimumVisualStudioVersion = 10.0.40219.1
Project("{FAE04EC0-301F-11D3-BF4B-00C04F79EFBC}") = "conversion_json_to_xlsx", "conversion_json_to_xlsx\conversion_json_to_xlsx.csproj", "{313ABD48-8DFD-48CD-876A-53EFC71FB6BD}"
EndProject
Global
	GlobalSection(SolutionConfigurationPlatforms) = preSolution
		Debug|Any CPU = Debug|Any CPU
		Release|Any CPU = Release|Any CPU
	EndGlobalSection
	GlobalSection(ProjectConfigurationPlatforms) = postSolution
		{313ABD48-8DFD-48CD-876A-53EFC71FB6BD}.Debug|Any CPU.ActiveCfg = Debug|Any CPU
		{313ABD48-8DFD-48CD-876A-53EFC71FB6BD}.Debug|Any CPU.Build.0 = Debug|Any CPU
		{313ABD48-8DFD-48CD-876A-53EFC71FB6BD}.Release|Any CPU.ActiveCfg = Release|Any CPU
		{313ABD48-8DFD-48CD-876A-53EFC71FB6BD}.Release|Any CPU.Build.0 = Release|Any CPU
	EndGlobalSection
	GlobalSection(SolutionProperties) = preSolution
		HideSolutionNode = FALSE
	EndGlobalSection
	GlobalSection(ExtensibilityGlobals) = postSolution
		SolutionGuid = {714B1E5F-78EB-4725-9C5C-4E0E3FE54219}
	EndGlobalSection
EndGlobal
