
Microsoft Visual Studio Solution File, Format Version 12.00
# Visual Studio Version 17
VisualStudioVersion = 17.10.35013.160
MinimumVisualStudioVersion = 10.0.40219.1
Project("{FAE04EC0-301F-11D3-BF4B-00C04F79EFBC}") = "Testing_Multithreading", "Testing_Multithreading\Testing_Multithreading.csproj", "{D804854D-2A05-4BB7-9798-6D73751BDBCB}"
EndProject
Global
	GlobalSection(SolutionConfigurationPlatforms) = preSolution
		Debug|Any CPU = Debug|Any CPU
		Release|Any CPU = Release|Any CPU
	EndGlobalSection
	GlobalSection(ProjectConfigurationPlatforms) = postSolution
		{D804854D-2A05-4BB7-9798-6D73751BDBCB}.Debug|Any CPU.ActiveCfg = Debug|Any CPU
		{D804854D-2A05-4BB7-9798-6D73751BDBCB}.Debug|Any CPU.Build.0 = Debug|Any CPU
		{D804854D-2A05-4BB7-9798-6D73751BDBCB}.Release|Any CPU.ActiveCfg = Release|Any CPU
		{D804854D-2A05-4BB7-9798-6D73751BDBCB}.Release|Any CPU.Build.0 = Release|Any CPU
	EndGlobalSection
	GlobalSection(SolutionProperties) = preSolution
		HideSolutionNode = FALSE
	EndGlobalSection
	GlobalSection(ExtensibilityGlobals) = postSolution
		SolutionGuid = {1E4032F7-DAF9-47EB-9ED1-3210FC583B87}
	EndGlobalSection
EndGlobal
