
Microsoft Visual Studio Solution File, Format Version 12.00
# Visual Studio Version 17
VisualStudioVersion = 17.10.35013.160
MinimumVisualStudioVersion = 10.0.40219.1
Project("{FAE04EC0-301F-11D3-BF4B-00C04F79EFBC}") = "EmployeeMgmt", "EmployeeMgmt\EmployeeMgmt.csproj", "{D0C42292-70E2-4F5C-9DF8-230B524EADDB}"
EndProject
Global
	GlobalSection(SolutionConfigurationPlatforms) = preSolution
		Debug|Any CPU = Debug|Any CPU
		Release|Any CPU = Release|Any CPU
	EndGlobalSection
	GlobalSection(ProjectConfigurationPlatforms) = postSolution
		{D0C42292-70E2-4F5C-9DF8-230B524EADDB}.Debug|Any CPU.ActiveCfg = Debug|Any CPU
		{D0C42292-70E2-4F5C-9DF8-230B524EADDB}.Debug|Any CPU.Build.0 = Debug|Any CPU
		{D0C42292-70E2-4F5C-9DF8-230B524EADDB}.Release|Any CPU.ActiveCfg = Release|Any CPU
		{D0C42292-70E2-4F5C-9DF8-230B524EADDB}.Release|Any CPU.Build.0 = Release|Any CPU
	EndGlobalSection
	GlobalSection(SolutionProperties) = preSolution
		HideSolutionNode = FALSE
	EndGlobalSection
	GlobalSection(ExtensibilityGlobals) = postSolution
		SolutionGuid = {FE6F79F2-CB8A-45A1-A448-1F2075D16293}
	EndGlobalSection
EndGlobal
