
Microsoft Visual Studio Solution File, Format Version 12.00
# Visual Studio Version 17
VisualStudioVersion = 17.10.35013.160
MinimumVisualStudioVersion = 10.0.40219.1
Project("{FAE04EC0-301F-11D3-BF4B-00C04F79EFBC}") = "Splash", "Splash\Splash.csproj", "{ADE5BF38-8664-45B7-BC41-94E075D6E8CE}"
EndProject
Global
	GlobalSection(SolutionConfigurationPlatforms) = preSolution
		Debug|Any CPU = Debug|Any CPU
		Release|Any CPU = Release|Any CPU
	EndGlobalSection
	GlobalSection(ProjectConfigurationPlatforms) = postSolution
		{ADE5BF38-8664-45B7-BC41-94E075D6E8CE}.Debug|Any CPU.ActiveCfg = Debug|Any CPU
		{ADE5BF38-8664-45B7-BC41-94E075D6E8CE}.Debug|Any CPU.Build.0 = Debug|Any CPU
		{ADE5BF38-8664-45B7-BC41-94E075D6E8CE}.Release|Any CPU.ActiveCfg = Release|Any CPU
		{ADE5BF38-8664-45B7-BC41-94E075D6E8CE}.Release|Any CPU.Build.0 = Release|Any CPU
	EndGlobalSection
	GlobalSection(SolutionProperties) = preSolution
		HideSolutionNode = FALSE
	EndGlobalSection
	GlobalSection(ExtensibilityGlobals) = postSolution
		SolutionGuid = {C2DDA788-A923-4618-B782-38F7EAF43E39}
	EndGlobalSection
EndGlobal
