
Microsoft Visual Studio Solution File, Format Version 12.00
# Visual Studio Version 17
VisualStudioVersion = 17.10.35013.160
MinimumVisualStudioVersion = 10.0.40219.1
Project("{FAE04EC0-301F-11D3-BF4B-00C04F79EFBC}") = "Authentication", "Authentication\Authentication.csproj", "{661A37F2-CFAB-4F53-8D8F-75C4AB20ACF2}"
EndProject
Global
	GlobalSection(SolutionConfigurationPlatforms) = preSolution
		Debug|Any CPU = Debug|Any CPU
		Release|Any CPU = Release|Any CPU
	EndGlobalSection
	GlobalSection(ProjectConfigurationPlatforms) = postSolution
		{661A37F2-CFAB-4F53-8D8F-75C4AB20ACF2}.Debug|Any CPU.ActiveCfg = Debug|Any CPU
		{661A37F2-CFAB-4F53-8D8F-75C4AB20ACF2}.Debug|Any CPU.Build.0 = Debug|Any CPU
		{661A37F2-CFAB-4F53-8D8F-75C4AB20ACF2}.Release|Any CPU.ActiveCfg = Release|Any CPU
		{661A37F2-CFAB-4F53-8D8F-75C4AB20ACF2}.Release|Any CPU.Build.0 = Release|Any CPU
	EndGlobalSection
	GlobalSection(SolutionProperties) = preSolution
		HideSolutionNode = FALSE
	EndGlobalSection
	GlobalSection(ExtensibilityGlobals) = postSolution
		SolutionGuid = {3BC06AE7-4FC2-4661-8EEE-C63B93308300}
	EndGlobalSection
EndGlobal
